PODS:
  - Locksmith (4.0.0)
  - lottie-ios (3.1.1)
  - SwipeCellKit (2.6.0)

DEPENDENCIES:
  - Locksmith
  - lottie-ios
  - SwipeCellKit

SPEC REPOS:
  https://github.com/cocoapods/specs.git:
    - Locksmith
    - lottie-ios
    - SwipeCellKit

SPEC CHECKSUMS:
  Locksmith: e9bebbaaa4cee3c511bc358a44f843c3fe00e21f
  lottie-ios: 43a472d22b2dd2bed292cc4010c0b4d2e66d3ba8
  SwipeCellKit: 935ca28c187ec6e1ffb2b578cf8ddca842bfdcbb

PODFILE CHECKSUM: 7c0fafe72fd5cdb8455c0402fe064bf7dd37abec

COCOAPODS: 1.6.1
