PODS:
  - Locksmith (4.0.0)
  - lottie-ios (3.1.1)

DEPENDENCIES:
  - Locksmith
  - lottie-ios

SPEC REPOS:
  https://github.com/cocoapods/specs.git:
    - Locksmith
    - lottie-ios

SPEC CHECKSUMS:
  Locksmith: e9bebbaaa4cee3c511bc358a44f843c3fe00e21f
  lottie-ios: 43a472d22b2dd2bed292cc4010c0b4d2e66d3ba8

PODFILE CHECKSUM: c54f8c01d21cd01ca3794d2f5664bacc85c5f1f6

COCOAPODS: 1.6.1
