// !$*UTF8*$!
{
	archiveVersion = 1;
	classes = {
	};
	objectVersion = 50;
	objects = {

/* Begin PBXBuildFile section */
		95D5A74287ECCF62F090C574 /* Pods_SecurityPractice.framework in Frameworks */ = {isa = PBXBuildFile; fileRef = 7F8512C693397E8E97F86967 /* Pods_SecurityPractice.framework */; };
		E37985D2DB53ED5C022362BB /* Pods_SecurityPracticeTests.framework in Frameworks */ = {isa = PBXBuildFile; fileRef = 2B18C07FAE9E7AA9C841F8FB /* Pods_SecurityPracticeTests.framework */; };
		EA7326D322F259030093CD4D /* AppDelegate.swift in Sources */ = {isa = PBXBuildFile; fileRef = EA7326D222F259030093CD4D /* AppDelegate.swift */; };
		EA7326D522F259030093CD4D /* ViewController.swift in Sources */ = {isa = PBXBuildFile; fileRef = EA7326D422F259030093CD4D /* ViewController.swift */; };
		EA7326DA22F259060093CD4D /* Assets.xcassets in Resources */ = {isa = PBXBuildFile; fileRef = EA7326D922F259060093CD4D /* Assets.xcassets */; };
		EA7326E822F259060093CD4D /* SecurityPracticeTests.swift in Sources */ = {isa = PBXBuildFile; fileRef = EA7326E722F259060093CD4D /* SecurityPracticeTests.swift */; };
		EA7326F322F25A940093CD4D /* Account.swift in Sources */ = {isa = PBXBuildFile; fileRef = EA7326F222F25A940093CD4D /* Account.swift */; };
		EA7326F522F261810093CD4D /* AccountDefaults.swift in Sources */ = {isa = PBXBuildFile; fileRef = EA7326F422F261810093CD4D /* AccountDefaults.swift */; };
		EA7326F722F265510093CD4D /* RoundButton.swift in Sources */ = {isa = PBXBuildFile; fileRef = EA7326F622F265510093CD4D /* RoundButton.swift */; };
		EA7326FA22F268350093CD4D /* UIViewExtension.swift in Sources */ = {isa = PBXBuildFile; fileRef = EA7326F922F268350093CD4D /* UIViewExtension.swift */; };
		EA7326FC22F268550093CD4D /* UITextFieldExtension.swift in Sources */ = {isa = PBXBuildFile; fileRef = EA7326FB22F268550093CD4D /* UITextFieldExtension.swift */; };
		EA88667322F3F3F700BDC38B /* cloud-security.json in Resources */ = {isa = PBXBuildFile; fileRef = EA88667222F3F3F700BDC38B /* cloud-security.json */; };
		EAF9F75C22F6B13E0084B008 /* MainViewController.swift in Sources */ = {isa = PBXBuildFile; fileRef = EAF9F75B22F6B13E0084B008 /* MainViewController.swift */; };
		EAF9F75F22F6B38B0084B008 /* UIViewControllerExtension.swift in Sources */ = {isa = PBXBuildFile; fileRef = EAF9F75E22F6B38B0084B008 /* UIViewControllerExtension.swift */; };
/* End PBXBuildFile section */

/* Begin PBXContainerItemProxy section */
		EA7326E422F259060093CD4D /* PBXContainerItemProxy */ = {
			isa = PBXContainerItemProxy;
			containerPortal = EA7326C722F259030093CD4D /* Project object */;
			proxyType = 1;
			remoteGlobalIDString = EA7326CE22F259030093CD4D;
			remoteInfo = SecurityPractice;
		};
/* End PBXContainerItemProxy section */

/* Begin PBXFileReference section */
		0C9128A632C090DF273E9288 /* Pods-SecurityPracticeTests.release.xcconfig */ = {isa = PBXFileReference; includeInIndex = 1; lastKnownFileType = text.xcconfig; name = "Pods-SecurityPracticeTests.release.xcconfig"; path = "Target Support Files/Pods-SecurityPracticeTests/Pods-SecurityPracticeTests.release.xcconfig"; sourceTree = "<group>"; };
		2B18C07FAE9E7AA9C841F8FB /* Pods_SecurityPracticeTests.framework */ = {isa = PBXFileReference; explicitFileType = wrapper.framework; includeInIndex = 0; path = Pods_SecurityPracticeTests.framework; sourceTree = BUILT_PRODUCTS_DIR; };
		5B8AD467069B7B9A1E99D95C /* Pods-SecurityPracticeTests.debug.xcconfig */ = {isa = PBXFileReference; includeInIndex = 1; lastKnownFileType = text.xcconfig; name = "Pods-SecurityPracticeTests.debug.xcconfig"; path = "Target Support Files/Pods-SecurityPracticeTests/Pods-SecurityPracticeTests.debug.xcconfig"; sourceTree = "<group>"; };
		7F8512C693397E8E97F86967 /* Pods_SecurityPractice.framework */ = {isa = PBXFileReference; explicitFileType = wrapper.framework; includeInIndex = 0; path = Pods_SecurityPractice.framework; sourceTree = BUILT_PRODUCTS_DIR; };
		8E83DB06F748596E94354B85 /* Pods-SecurityPractice.debug.xcconfig */ = {isa = PBXFileReference; includeInIndex = 1; lastKnownFileType = text.xcconfig; name = "Pods-SecurityPractice.debug.xcconfig"; path = "Target Support Files/Pods-SecurityPractice/Pods-SecurityPractice.debug.xcconfig"; sourceTree = "<group>"; };
		9EB5787B73D166546A867C35 /* Pods-SecurityPractice.release.xcconfig */ = {isa = PBXFileReference; includeInIndex = 1; lastKnownFileType = text.xcconfig; name = "Pods-SecurityPractice.release.xcconfig"; path = "Target Support Files/Pods-SecurityPractice/Pods-SecurityPractice.release.xcconfig"; sourceTree = "<group>"; };
		EA7326CF22F259030093CD4D /* SecurityPractice.app */ = {isa = PBXFileReference; explicitFileType = wrapper.application; includeInIndex = 0; path = SecurityPractice.app; sourceTree = BUILT_PRODUCTS_DIR; };
		EA7326D222F259030093CD4D /* AppDelegate.swift */ = {isa = PBXFileReference; lastKnownFileType = sourcecode.swift; path = AppDelegate.swift; sourceTree = "<group>"; };
		EA7326D422F259030093CD4D /* ViewController.swift */ = {isa = PBXFileReference; lastKnownFileType = sourcecode.swift; path = ViewController.swift; sourceTree = "<group>"; };
		EA7326D922F259060093CD4D /* Assets.xcassets */ = {isa = PBXFileReference; lastKnownFileType = folder.assetcatalog; path = Assets.xcassets; sourceTree = "<group>"; };
		EA7326DE22F259060093CD4D /* Info.plist */ = {isa = PBXFileReference; lastKnownFileType = text.plist.xml; path = Info.plist; sourceTree = "<group>"; };
		EA7326E322F259060093CD4D /* SecurityPracticeTests.xctest */ = {isa = PBXFileReference; explicitFileType = wrapper.cfbundle; includeInIndex = 0; path = SecurityPracticeTests.xctest; sourceTree = BUILT_PRODUCTS_DIR; };
		EA7326E722F259060093CD4D /* SecurityPracticeTests.swift */ = {isa = PBXFileReference; lastKnownFileType = sourcecode.swift; path = SecurityPracticeTests.swift; sourceTree = "<group>"; };
		EA7326E922F259060093CD4D /* Info.plist */ = {isa = PBXFileReference; lastKnownFileType = text.plist.xml; path = Info.plist; sourceTree = "<group>"; };
		EA7326F222F25A940093CD4D /* Account.swift */ = {isa = PBXFileReference; lastKnownFileType = sourcecode.swift; path = Account.swift; sourceTree = "<group>"; };
		EA7326F422F261810093CD4D /* AccountDefaults.swift */ = {isa = PBXFileReference; lastKnownFileType = sourcecode.swift; path = AccountDefaults.swift; sourceTree = "<group>"; };
		EA7326F622F265510093CD4D /* RoundButton.swift */ = {isa = PBXFileReference; lastKnownFileType = sourcecode.swift; path = RoundButton.swift; sourceTree = "<group>"; };
		EA7326F922F268350093CD4D /* UIViewExtension.swift */ = {isa = PBXFileReference; lastKnownFileType = sourcecode.swift; path = UIViewExtension.swift; sourceTree = "<group>"; };
		EA7326FB22F268550093CD4D /* UITextFieldExtension.swift */ = {isa = PBXFileReference; lastKnownFileType = sourcecode.swift; path = UITextFieldExtension.swift; sourceTree = "<group>"; };
		EA7326FF22F28D1E0093CD4D /* SecurityPractice.entitlements */ = {isa = PBXFileReference; lastKnownFileType = text.plist.entitlements; path = SecurityPractice.entitlements; sourceTree = "<group>"; };
		EA88667222F3F3F700BDC38B /* cloud-security.json */ = {isa = PBXFileReference; fileEncoding = 4; lastKnownFileType = text.json; path = "cloud-security.json"; sourceTree = "<group>"; };
		EAF9F75B22F6B13E0084B008 /* MainViewController.swift */ = {isa = PBXFileReference; lastKnownFileType = sourcecode.swift; path = MainViewController.swift; sourceTree = "<group>"; };
		EAF9F75E22F6B38B0084B008 /* UIViewControllerExtension.swift */ = {isa = PBXFileReference; lastKnownFileType = sourcecode.swift; path = UIViewControllerExtension.swift; sourceTree = "<group>"; };
/* End PBXFileReference section */

/* Begin PBXFrameworksBuildPhase section */
		EA7326CC22F259030093CD4D /* Frameworks */ = {
			isa = PBXFrameworksBuildPhase;
			buildActionMask = 2147483647;
			files = (
				95D5A74287ECCF62F090C574 /* Pods_SecurityPractice.framework in Frameworks */,
			);
			runOnlyForDeploymentPostprocessing = 0;
		};
		EA7326E022F259060093CD4D /* Frameworks */ = {
			isa = PBXFrameworksBuildPhase;
			buildActionMask = 2147483647;
			files = (
				E37985D2DB53ED5C022362BB /* Pods_SecurityPracticeTests.framework in Frameworks */,
			);
			runOnlyForDeploymentPostprocessing = 0;
		};
/* End PBXFrameworksBuildPhase section */

/* Begin PBXGroup section */
		4B6C0FA4FDBC6EFBDC15812C /* Frameworks */ = {
			isa = PBXGroup;
			children = (
				7F8512C693397E8E97F86967 /* Pods_SecurityPractice.framework */,
				2B18C07FAE9E7AA9C841F8FB /* Pods_SecurityPracticeTests.framework */,
			);
			name = Frameworks;
			sourceTree = "<group>";
		};
		EA7326C622F259030093CD4D = {
			isa = PBXGroup;
			children = (
				EA7326D122F259030093CD4D /* SecurityPractice */,
				EA7326E622F259060093CD4D /* SecurityPracticeTests */,
				EA7326D022F259030093CD4D /* Products */,
				F7E3982D8495595C612963B9 /* Pods */,
				4B6C0FA4FDBC6EFBDC15812C /* Frameworks */,
			);
			sourceTree = "<group>";
		};
		EA7326D022F259030093CD4D /* Products */ = {
			isa = PBXGroup;
			children = (
				EA7326CF22F259030093CD4D /* SecurityPractice.app */,
				EA7326E322F259060093CD4D /* SecurityPracticeTests.xctest */,
			);
			name = Products;
			sourceTree = "<group>";
		};
		EA7326D122F259030093CD4D /* SecurityPractice */ = {
			isa = PBXGroup;
			children = (
				EA7326FF22F28D1E0093CD4D /* SecurityPractice.entitlements */,
				EAF9F75B22F6B13E0084B008 /* MainViewController.swift */,
				EA7326D222F259030093CD4D /* AppDelegate.swift */,
				EA7326D422F259030093CD4D /* ViewController.swift */,
				EA88667222F3F3F700BDC38B /* cloud-security.json */,
				EA7326FE22F27EAA0093CD4D /* Custom Classes */,
				EA7326F822F2681D0093CD4D /* Extensions */,
				EA7326FD22F27E710093CD4D /* Secure Classes */,
				EA7326D922F259060093CD4D /* Assets.xcassets */,
				EA7326DE22F259060093CD4D /* Info.plist */,
			);
			path = SecurityPractice;
			sourceTree = "<group>";
		};
		EA7326E622F259060093CD4D /* SecurityPracticeTests */ = {
			isa = PBXGroup;
			children = (
				EA7326E722F259060093CD4D /* SecurityPracticeTests.swift */,
				EA7326E922F259060093CD4D /* Info.plist */,
			);
			path = SecurityPracticeTests;
			sourceTree = "<group>";
		};
		EA7326F822F2681D0093CD4D /* Extensions */ = {
			isa = PBXGroup;
			children = (
				EA7326F922F268350093CD4D /* UIViewExtension.swift */,
				EAF9F75E22F6B38B0084B008 /* UIViewControllerExtension.swift */,
				EA7326FB22F268550093CD4D /* UITextFieldExtension.swift */,
			);
			path = Extensions;
			sourceTree = "<group>";
		};
		EA7326FD22F27E710093CD4D /* Secure Classes */ = {
			isa = PBXGroup;
			children = (
				EA7326F222F25A940093CD4D /* Account.swift */,
				EA7326F422F261810093CD4D /* AccountDefaults.swift */,
			);
			path = "Secure Classes";
			sourceTree = "<group>";
		};
		EA7326FE22F27EAA0093CD4D /* Custom Classes */ = {
			isa = PBXGroup;
			children = (
				EA7326F622F265510093CD4D /* RoundButton.swift */,
			);
			path = "Custom Classes";
			sourceTree = "<group>";
		};
		F7E3982D8495595C612963B9 /* Pods */ = {
			isa = PBXGroup;
			children = (
				8E83DB06F748596E94354B85 /* Pods-SecurityPractice.debug.xcconfig */,
				9EB5787B73D166546A867C35 /* Pods-SecurityPractice.release.xcconfig */,
				5B8AD467069B7B9A1E99D95C /* Pods-SecurityPracticeTests.debug.xcconfig */,
				0C9128A632C090DF273E9288 /* Pods-SecurityPracticeTests.release.xcconfig */,
			);
			path = Pods;
			sourceTree = "<group>";
		};
/* End PBXGroup section */

/* Begin PBXNativeTarget section */
		EA7326CE22F259030093CD4D /* SecurityPractice */ = {
			isa = PBXNativeTarget;
			buildConfigurationList = EA7326EC22F259060093CD4D /* Build configuration list for PBXNativeTarget "SecurityPractice" */;
			buildPhases = (
				732A4D2884D3F7B948CA1844 /* [CP] Check Pods Manifest.lock */,
				EA7326CB22F259030093CD4D /* Sources */,
				EA7326CC22F259030093CD4D /* Frameworks */,
				EA7326CD22F259030093CD4D /* Resources */,
				2E6BC74B1C28030BE5CF8605 /* [CP] Embed Pods Frameworks */,
			);
			buildRules = (
			);
			dependencies = (
			);
			name = SecurityPractice;
			productName = SecurityPractice;
			productReference = EA7326CF22F259030093CD4D /* SecurityPractice.app */;
			productType = "com.apple.product-type.application";
		};
		EA7326E222F259060093CD4D /* SecurityPracticeTests */ = {
			isa = PBXNativeTarget;
			buildConfigurationList = EA7326EF22F259060093CD4D /* Build configuration list for PBXNativeTarget "SecurityPracticeTests" */;
			buildPhases = (
				C0400CA03A2544AD98590E0A /* [CP] Check Pods Manifest.lock */,
				EA7326DF22F259060093CD4D /* Sources */,
				EA7326E022F259060093CD4D /* Frameworks */,
				EA7326E122F259060093CD4D /* Resources */,
			);
			buildRules = (
			);
			dependencies = (
				EA7326E522F259060093CD4D /* PBXTargetDependency */,
			);
			name = SecurityPracticeTests;
			productName = SecurityPracticeTests;
			productReference = EA7326E322F259060093CD4D /* SecurityPracticeTests.xctest */;
			productType = "com.apple.product-type.bundle.unit-test";
		};
/* End PBXNativeTarget section */

/* Begin PBXProject section */
		EA7326C722F259030093CD4D /* Project object */ = {
			isa = PBXProject;
			attributes = {
				LastSwiftUpdateCheck = 1020;
				LastUpgradeCheck = 1020;
				ORGANIZATIONNAME = "Nicholas Cooke";
				TargetAttributes = {
					EA7326CE22F259030093CD4D = {
						CreatedOnToolsVersion = 10.2.1;
						SystemCapabilities = {
							com.apple.Keychain = {
								enabled = 1;
							};
						};
					};
					EA7326E222F259060093CD4D = {
						CreatedOnToolsVersion = 10.2.1;
						TestTargetID = EA7326CE22F259030093CD4D;
					};
				};
			};
			buildConfigurationList = EA7326CA22F259030093CD4D /* Build configuration list for PBXProject "SecurityPractice" */;
			compatibilityVersion = "Xcode 9.3";
			developmentRegion = en;
			hasScannedForEncodings = 0;
			knownRegions = (
				en,
				Base,
			);
			mainGroup = EA7326C622F259030093CD4D;
			productRefGroup = EA7326D022F259030093CD4D /* Products */;
			projectDirPath = "";
			projectRoot = "";
			targets = (
				EA7326CE22F259030093CD4D /* SecurityPractice */,
				EA7326E222F259060093CD4D /* SecurityPracticeTests */,
			);
		};
/* End PBXProject section */

/* Begin PBXResourcesBuildPhase section */
		EA7326CD22F259030093CD4D /* Resources */ = {
			isa = PBXResourcesBuildPhase;
			buildActionMask = 2147483647;
			files = (
				EA7326DA22F259060093CD4D /* Assets.xcassets in Resources */,
				EA88667322F3F3F700BDC38B /* cloud-security.json in Resources */,
			);
			runOnlyForDeploymentPostprocessing = 0;
		};
		EA7326E122F259060093CD4D /* Resources */ = {
			isa = PBXResourcesBuildPhase;
			buildActionMask = 2147483647;
			files = (
			);
			runOnlyForDeploymentPostprocessing = 0;
		};
/* End PBXResourcesBuildPhase section */

/* Begin PBXShellScriptBuildPhase section */
		2E6BC74B1C28030BE5CF8605 /* [CP] Embed Pods Frameworks */ = {
			isa = PBXShellScriptBuildPhase;
			buildActionMask = 2147483647;
			files = (
			);
			inputFileListPaths = (
			);
			inputPaths = (
				"${PODS_ROOT}/Target Support Files/Pods-SecurityPractice/Pods-SecurityPractice-frameworks.sh",
				"${BUILT_PRODUCTS_DIR}/Locksmith/Locksmith.framework",
				"${BUILT_PRODUCTS_DIR}/lottie-ios/Lottie.framework",
			);
			name = "[CP] Embed Pods Frameworks";
			outputFileListPaths = (
			);
			outputPaths = (
				"${TARGET_BUILD_DIR}/${FRAMEWORKS_FOLDER_PATH}/Locksmith.framework",
				"${TARGET_BUILD_DIR}/${FRAMEWORKS_FOLDER_PATH}/Lottie.framework",
			);
			runOnlyForDeploymentPostprocessing = 0;
			shellPath = /bin/sh;
			shellScript = "\"${PODS_ROOT}/Target Support Files/Pods-SecurityPractice/Pods-SecurityPractice-frameworks.sh\"\n";
			showEnvVarsInLog = 0;
		};
		732A4D2884D3F7B948CA1844 /* [CP] Check Pods Manifest.lock */ = {
			isa = PBXShellScriptBuildPhase;
			buildActionMask = 2147483647;
			files = (
			);
			inputFileListPaths = (
			);
			inputPaths = (
				"${PODS_PODFILE_DIR_PATH}/Podfile.lock",
				"${PODS_ROOT}/Manifest.lock",
			);
			name = "[CP] Check Pods Manifest.lock";
			outputFileListPaths = (
			);
			outputPaths = (
				"$(DERIVED_FILE_DIR)/Pods-SecurityPractice-checkManifestLockResult.txt",
			);
			runOnlyForDeploymentPostprocessing = 0;
			shellPath = /bin/sh;
			shellScript = "diff \"${PODS_PODFILE_DIR_PATH}/Podfile.lock\" \"${PODS_ROOT}/Manifest.lock\" > /dev/null\nif [ $? != 0 ] ; then\n    # print error to STDERR\n    echo \"error: The sandbox is not in sync with the Podfile.lock. Run 'pod install' or update your CocoaPods installation.\" >&2\n    exit 1\nfi\n# This output is used by Xcode 'outputs' to avoid re-running this script phase.\necho \"SUCCESS\" > \"${SCRIPT_OUTPUT_FILE_0}\"\n";
			showEnvVarsInLog = 0;
		};
		C0400CA03A2544AD98590E0A /* [CP] Check Pods Manifest.lock */ = {
			isa = PBXShellScriptBuildPhase;
			buildActionMask = 2147483647;
			files = (
			);
			inputFileListPaths = (
			);
			inputPaths = (
				"${PODS_PODFILE_DIR_PATH}/Podfile.lock",
				"${PODS_ROOT}/Manifest.lock",
			);
			name = "[CP] Check Pods Manifest.lock";
			outputFileListPaths = (
			);
			outputPaths = (
				"$(DERIVED_FILE_DIR)/Pods-SecurityPracticeTests-checkManifestLockResult.txt",
			);
			runOnlyForDeploymentPostprocessing = 0;
			shellPath = /bin/sh;
			shellScript = "diff \"${PODS_PODFILE_DIR_PATH}/Podfile.lock\" \"${PODS_ROOT}/Manifest.lock\" > /dev/null\nif [ $? != 0 ] ; then\n    # print error to STDERR\n    echo \"error: The sandbox is not in sync with the Podfile.lock. Run 'pod install' or update your CocoaPods installation.\" >&2\n    exit 1\nfi\n# This output is used by Xcode 'outputs' to avoid re-running this script phase.\necho \"SUCCESS\" > \"${SCRIPT_OUTPUT_FILE_0}\"\n";
			showEnvVarsInLog = 0;
		};
/* End PBXShellScriptBuildPhase section */

/* Begin PBXSourcesBuildPhase section */
		EA7326CB22F259030093CD4D /* Sources */ = {
			isa = PBXSourcesBuildPhase;
			buildActionMask = 2147483647;
			files = (
				EA7326FA22F268350093CD4D /* UIViewExtension.swift in Sources */,
				EAF9F75F22F6B38B0084B008 /* UIViewControllerExtension.swift in Sources */,
				EA7326F522F261810093CD4D /* AccountDefaults.swift in Sources */,
				EA7326FC22F268550093CD4D /* UITextFieldExtension.swift in Sources */,
				EA7326F722F265510093CD4D /* RoundButton.swift in Sources */,
				EA7326D522F259030093CD4D /* ViewController.swift in Sources */,
				EAF9F75C22F6B13E0084B008 /* MainViewController.swift in Sources */,
				EA7326D322F259030093CD4D /* AppDelegate.swift in Sources */,
				EA7326F322F25A940093CD4D /* Account.swift in Sources */,
			);
			runOnlyForDeploymentPostprocessing = 0;
		};
		EA7326DF22F259060093CD4D /* Sources */ = {
			isa = PBXSourcesBuildPhase;
			buildActionMask = 2147483647;
			files = (
				EA7326E822F259060093CD4D /* SecurityPracticeTests.swift in Sources */,
			);
			runOnlyForDeploymentPostprocessing = 0;
		};
/* End PBXSourcesBuildPhase section */

/* Begin PBXTargetDependency section */
		EA7326E522F259060093CD4D /* PBXTargetDependency */ = {
			isa = PBXTargetDependency;
			target = EA7326CE22F259030093CD4D /* SecurityPractice */;
			targetProxy = EA7326E422F259060093CD4D /* PBXContainerItemProxy */;
		};
/* End PBXTargetDependency section */

/* Begin XCBuildConfiguration section */
		EA7326EA22F259060093CD4D /* Debug */ = {
			isa = XCBuildConfiguration;
			buildSettings = {
				ALWAYS_SEARCH_USER_PATHS = NO;
				CLANG_ANALYZER_NONNULL = YES;
				CLANG_ANALYZER_NUMBER_OBJECT_CONVERSION = YES_AGGRESSIVE;
				CLANG_CXX_LANGUAGE_STANDARD = "gnu++14";
				CLANG_CXX_LIBRARY = "libc++";
				CLANG_ENABLE_MODULES = YES;
				CLANG_ENABLE_OBJC_ARC = YES;
				CLANG_ENABLE_OBJC_WEAK = YES;
				CLANG_WARN_BLOCK_CAPTURE_AUTORELEASING = YES;
				CLANG_WARN_BOOL_CONVERSION = YES;
				CLANG_WARN_COMMA = YES;
				CLANG_WARN_CONSTANT_CONVERSION = YES;
				CLANG_WARN_DEPRECATED_OBJC_IMPLEMENTATIONS = YES;
				CLANG_WARN_DIRECT_OBJC_ISA_USAGE = YES_ERROR;
				CLANG_WARN_DOCUMENTATION_COMMENTS = YES;
				CLANG_WARN_EMPTY_BODY = YES;
				CLANG_WARN_ENUM_CONVERSION = YES;
				CLANG_WARN_INFINITE_RECURSION = YES;
				CLANG_WARN_INT_CONVERSION = YES;
				CLANG_WARN_NON_LITERAL_NULL_CONVERSION = YES;
				CLANG_WARN_OBJC_IMPLICIT_RETAIN_SELF = YES;
				CLANG_WARN_OBJC_LITERAL_CONVERSION = YES;
				CLANG_WARN_OBJC_ROOT_CLASS = YES_ERROR;
				CLANG_WARN_RANGE_LOOP_ANALYSIS = YES;
				CLANG_WARN_STRICT_PROTOTYPES = YES;
				CLANG_WARN_SUSPICIOUS_MOVE = YES;
				CLANG_WARN_UNGUARDED_AVAILABILITY = YES_AGGRESSIVE;
				CLANG_WARN_UNREACHABLE_CODE = YES;
				CLANG_WARN__DUPLICATE_METHOD_MATCH = YES;
				CODE_SIGN_IDENTITY = "iPhone Developer";
				COPY_PHASE_STRIP = NO;
				DEBUG_INFORMATION_FORMAT = dwarf;
				ENABLE_STRICT_OBJC_MSGSEND = YES;
				ENABLE_TESTABILITY = YES;
				GCC_C_LANGUAGE_STANDARD = gnu11;
				GCC_DYNAMIC_NO_PIC = NO;
				GCC_NO_COMMON_BLOCKS = YES;
				GCC_OPTIMIZATION_LEVEL = 0;
				GCC_PREPROCESSOR_DEFINITIONS = (
					"DEBUG=1",
					"$(inherited)",
				);
				GCC_WARN_64_TO_32_BIT_CONVERSION = YES;
				GCC_WARN_ABOUT_RETURN_TYPE = YES_ERROR;
				GCC_WARN_UNDECLARED_SELECTOR = YES;
				GCC_WARN_UNINITIALIZED_AUTOS = YES_AGGRESSIVE;
				GCC_WARN_UNUSED_FUNCTION = YES;
				GCC_WARN_UNUSED_VARIABLE = YES;
				IPHONEOS_DEPLOYMENT_TARGET = 12.2;
				MTL_ENABLE_DEBUG_INFO = INCLUDE_SOURCE;
				MTL_FAST_MATH = YES;
				ONLY_ACTIVE_ARCH = YES;
				SDKROOT = iphoneos;
				SWIFT_ACTIVE_COMPILATION_CONDITIONS = DEBUG;
				SWIFT_OPTIMIZATION_LEVEL = "-Onone";
			};
			name = Debug;
		};
		EA7326EB22F259060093CD4D /* Release */ = {
			isa = XCBuildConfiguration;
			buildSettings = {
				ALWAYS_SEARCH_USER_PATHS = NO;
				CLANG_ANALYZER_NONNULL = YES;
				CLANG_ANALYZER_NUMBER_OBJECT_CONVERSION = YES_AGGRESSIVE;
				CLANG_CXX_LANGUAGE_STANDARD = "gnu++14";
				CLANG_CXX_LIBRARY = "libc++";
				CLANG_ENABLE_MODULES = YES;
				CLANG_ENABLE_OBJC_ARC = YES;
				CLANG_ENABLE_OBJC_WEAK = YES;
				CLANG_WARN_BLOCK_CAPTURE_AUTORELEASING = YES;
				CLANG_WARN_BOOL_CONVERSION = YES;
				CLANG_WARN_COMMA = YES;
				CLANG_WARN_CONSTANT_CONVERSION = YES;
				CLANG_WARN_DEPRECATED_OBJC_IMPLEMENTATIONS = YES;
				CLANG_WARN_DIRECT_OBJC_ISA_USAGE = YES_ERROR;
				CLANG_WARN_DOCUMENTATION_COMMENTS = YES;
				CLANG_WARN_EMPTY_BODY = YES;
				CLANG_WARN_ENUM_CONVERSION = YES;
				CLANG_WARN_INFINITE_RECURSION = YES;
				CLANG_WARN_INT_CONVERSION = YES;
				CLANG_WARN_NON_LITERAL_NULL_CONVERSION = YES;
				CLANG_WARN_OBJC_IMPLICIT_RETAIN_SELF = YES;
				CLANG_WARN_OBJC_LITERAL_CONVERSION = YES;
				CLANG_WARN_OBJC_ROOT_CLASS = YES_ERROR;
				CLANG_WARN_RANGE_LOOP_ANALYSIS = YES;
				CLANG_WARN_STRICT_PROTOTYPES = YES;
				CLANG_WARN_SUSPICIOUS_MOVE = YES;
				CLANG_WARN_UNGUARDED_AVAILABILITY = YES_AGGRESSIVE;
				CLANG_WARN_UNREACHABLE_CODE = YES;
				CLANG_WARN__DUPLICATE_METHOD_MATCH = YES;
				CODE_SIGN_IDENTITY = "iPhone Developer";
				COPY_PHASE_STRIP = NO;
				DEBUG_INFORMATION_FORMAT = "dwarf-with-dsym";
				ENABLE_NS_ASSERTIONS = NO;
				ENABLE_STRICT_OBJC_MSGSEND = YES;
				GCC_C_LANGUAGE_STANDARD = gnu11;
				GCC_NO_COMMON_BLOCKS = YES;
				GCC_WARN_64_TO_32_BIT_CONVERSION = YES;
				GCC_WARN_ABOUT_RETURN_TYPE = YES_ERROR;
				GCC_WARN_UNDECLARED_SELECTOR = YES;
				GCC_WARN_UNINITIALIZED_AUTOS = YES_AGGRESSIVE;
				GCC_WARN_UNUSED_FUNCTION = YES;
				GCC_WARN_UNUSED_VARIABLE = YES;
				IPHONEOS_DEPLOYMENT_TARGET = 12.2;
				MTL_ENABLE_DEBUG_INFO = NO;
				MTL_FAST_MATH = YES;
				SDKROOT = iphoneos;
				SWIFT_COMPILATION_MODE = wholemodule;
				SWIFT_OPTIMIZATION_LEVEL = "-O";
				VALIDATE_PRODUCT = YES;
			};
			name = Release;
		};
		EA7326ED22F259060093CD4D /* Debug */ = {
			isa = XCBuildConfiguration;
			baseConfigurationReference = 8E83DB06F748596E94354B85 /* Pods-SecurityPractice.debug.xcconfig */;
			buildSettings = {
				ASSETCATALOG_COMPILER_APPICON_NAME = AppIcon;
				CODE_SIGN_ENTITLEMENTS = SecurityPractice/SecurityPractice.entitlements;
				CODE_SIGN_STYLE = Automatic;
				DEVELOPMENT_TEAM = K2A6VGGX23;
				INFOPLIST_FILE = SecurityPractice/Info.plist;
				LD_RUNPATH_SEARCH_PATHS = (
					"$(inherited)",
					"@executable_path/Frameworks",
				);
				PRODUCT_BUNDLE_IDENTIFIER = com.example.SecurityPractice;
				PRODUCT_NAME = "$(TARGET_NAME)";
				SWIFT_VERSION = 5.0;
				TARGETED_DEVICE_FAMILY = "1,2";
			};
			name = Debug;
		};
		EA7326EE22F259060093CD4D /* Release */ = {
			isa = XCBuildConfiguration;
			baseConfigurationReference = 9EB5787B73D166546A867C35 /* Pods-SecurityPractice.release.xcconfig */;
			buildSettings = {
				ASSETCATALOG_COMPILER_APPICON_NAME = AppIcon;
				CODE_SIGN_ENTITLEMENTS = SecurityPractice/SecurityPractice.entitlements;
				CODE_SIGN_STYLE = Automatic;
				DEVELOPMENT_TEAM = K2A6VGGX23;
				INFOPLIST_FILE = SecurityPractice/Info.plist;
				LD_RUNPATH_SEARCH_PATHS = (
					"$(inherited)",
					"@executable_path/Frameworks",
				);
				PRODUCT_BUNDLE_IDENTIFIER = com.example.SecurityPractice;
				PRODUCT_NAME = "$(TARGET_NAME)";
				SWIFT_VERSION = 5.0;
				TARGETED_DEVICE_FAMILY = "1,2";
			};
			name = Release;
		};
		EA7326F022F259060093CD4D /* Debug */ = {
			isa = XCBuildConfiguration;
			baseConfigurationReference = 5B8AD467069B7B9A1E99D95C /* Pods-SecurityPracticeTests.debug.xcconfig */;
			buildSettings = {
				ALWAYS_EMBED_SWIFT_STANDARD_LIBRARIES = YES;
				BUNDLE_LOADER = "$(TEST_HOST)";
				CODE_SIGN_STYLE = Automatic;
				DEVELOPMENT_TEAM = K2A6VGGX23;
				INFOPLIST_FILE = SecurityPracticeTests/Info.plist;
				LD_RUNPATH_SEARCH_PATHS = (
					"$(inherited)",
					"@executable_path/Frameworks",
					"@loader_path/Frameworks",
				);
				PRODUCT_BUNDLE_IDENTIFIER = com.example.SecurityPracticeTests;
				PRODUCT_NAME = "$(TARGET_NAME)";
				SWIFT_VERSION = 5.0;
				TARGETED_DEVICE_FAMILY = "1,2";
				TEST_HOST = "$(BUILT_PRODUCTS_DIR)/SecurityPractice.app/SecurityPractice";
			};
			name = Debug;
		};
		EA7326F122F259060093CD4D /* Release */ = {
			isa = XCBuildConfiguration;
			baseConfigurationReference = 0C9128A632C090DF273E9288 /* Pods-SecurityPracticeTests.release.xcconfig */;
			buildSettings = {
				ALWAYS_EMBED_SWIFT_STANDARD_LIBRARIES = YES;
				BUNDLE_LOADER = "$(TEST_HOST)";
				CODE_SIGN_STYLE = Automatic;
				DEVELOPMENT_TEAM = K2A6VGGX23;
				INFOPLIST_FILE = SecurityPracticeTests/Info.plist;
				LD_RUNPATH_SEARCH_PATHS = (
					"$(inherited)",
					"@executable_path/Frameworks",
					"@loader_path/Frameworks",
				);
				PRODUCT_BUNDLE_IDENTIFIER = com.example.SecurityPracticeTests;
				PRODUCT_NAME = "$(TARGET_NAME)";
				SWIFT_VERSION = 5.0;
				TARGETED_DEVICE_FAMILY = "1,2";
				TEST_HOST = "$(BUILT_PRODUCTS_DIR)/SecurityPractice.app/SecurityPractice";
			};
			name = Release;
		};
/* End XCBuildConfiguration section */

/* Begin XCConfigurationList section */
		EA7326CA22F259030093CD4D /* Build configuration list for PBXProject "SecurityPractice" */ = {
			isa = XCConfigurationList;
			buildConfigurations = (
				EA7326EA22F259060093CD4D /* Debug */,
				EA7326EB22F259060093CD4D /* Release */,
			);
			defaultConfigurationIsVisible = 0;
			defaultConfigurationName = Release;
		};
		EA7326EC22F259060093CD4D /* Build configuration list for PBXNativeTarget "SecurityPractice" */ = {
			isa = XCConfigurationList;
			buildConfigurations = (
				EA7326ED22F259060093CD4D /* Debug */,
				EA7326EE22F259060093CD4D /* Release */,
			);
			defaultConfigurationIsVisible = 0;
			defaultConfigurationName = Release;
		};
		EA7326EF22F259060093CD4D /* Build configuration list for PBXNativeTarget "SecurityPracticeTests" */ = {
			isa = XCConfigurationList;
			buildConfigurations = (
				EA7326F022F259060093CD4D /* Debug */,
				EA7326F122F259060093CD4D /* Release */,
			);
			defaultConfigurationIsVisible = 0;
			defaultConfigurationName = Release;
		};
/* End XCConfigurationList section */
	};
	rootObject = EA7326C722F259030093CD4D /* Project object */;
}
